Microsoft Visual Studio Solution File, Format Version 12.00
# Visual Studio Version 17
VisualStudioVersion = 17.0.31903.59
MinimumVisualStudioVersion = 10.0.40219.1
Project("{9A19103F-16F7-4668-BE54-9A1E7A4F7556}") = "ShimmerAndroidBridge", "ShimmerAndroidBridge\ShimmerAndroidBridge.csproj", "{1794F3E8-7FEE-4BC4-979F-C39D31BD5428}"
EndProject
Project("{9A19103F-16F7-4668-BE54-9A1E7A4F7556}") = "ShimmerAPI", "ShimmerAPI\ShimmerAPI\ShimmerAPI.csproj", "{25AC58FF-79B0-417E-A3C3-A45895BE49A2}"
EndProject
Global
	GlobalSection(SolutionConfigurationPlatforms) = preSolution
		Debug|Any CPU = Debug|Any CPU
		Debug|x86 = Debug|x86
		Release|Any CPU = Release|Any CPU
		Release|x86 = Release|x86
	EndGlobalSection
	GlobalSection(ProjectConfigurationPlatforms) = postSolution
		{1794F3E8-7FEE-4BC4-979F-C39D31BD5428}.Debug|Any CPU.ActiveCfg = Debug|Any CPU
		{1794F3E8-7FEE-4BC4-979F-C39D31BD5428}.Debug|Any CPU.Build.0 = Debug|Any CPU
		{1794F3E8-7FEE-4BC4-979F-C39D31BD5428}.Debug|Any CPU.Deploy.0 = Debug|Any CPU
		{1794F3E8-7FEE-4BC4-979F-C39D31BD5428}.Debug|x86.ActiveCfg = Debug|Any CPU
		{1794F3E8-7FEE-4BC4-979F-C39D31BD5428}.Debug|x86.Build.0 = Debug|Any CPU
		{1794F3E8-7FEE-4BC4-979F-C39D31BD5428}.Debug|x86.Deploy.0 = Debug|Any CPU
		{1794F3E8-7FEE-4BC4-979F-C39D31BD5428}.Release|Any CPU.ActiveCfg = Release|Any CPU
		{1794F3E8-7FEE-4BC4-979F-C39D31BD5428}.Release|Any CPU.Build.0 = Release|Any CPU
		{1794F3E8-7FEE-4BC4-979F-C39D31BD5428}.Release|x86.ActiveCfg = Release|Any CPU
		{1794F3E8-7FEE-4BC4-979F-C39D31BD5428}.Release|x86.Build.0 = Release|Any CPU
		{1794F3E8-7FEE-4BC4-979F-C39D31BD5428}.Release|x86.Deploy.0 = Release|Any CPU
		{25AC58FF-79B0-417E-A3C3-A45895BE49A2}.Debug|Any CPU.ActiveCfg = Debug|Any CPU
		{25AC58FF-79B0-417E-A3C3-A45895BE49A2}.Debug|Any CPU.Build.0 = Debug|Any CPU
		{25AC58FF-79B0-417E-A3C3-A45895BE49A2}.Debug|x86.ActiveCfg = Debug|x86
		{25AC58FF-79B0-417E-A3C3-A45895BE49A2}.Debug|x86.Build.0 = Debug|x86
		{25AC58FF-79B0-417E-A3C3-A45895BE49A2}.Release|Any CPU.ActiveCfg = Release|Any CPU
		{25AC58FF-79B0-417E-A3C3-A45895BE49A2}.Release|Any CPU.Build.0 = Release|Any CPU
		{25AC58FF-79B0-417E-A3C3-A45895BE49A2}.Release|x86.ActiveCfg = Release|x86
		{25AC58FF-79B0-417E-A3C3-A45895BE49A2}.Release|x86.Build.0 = Release|x86
	EndGlobalSection
	GlobalSection(SolutionProperties) = preSolution
		HideSolutionNode = FALSE
	EndGlobalSection
	GlobalSection(ExtensibilityGlobals) = postSolution
		SolutionGuid = {4AF1EF44-D2FA-4863-AFEF-6EAB0D570C0F}
	EndGlobalSection
EndGlobal
